<Solution>
  <Folder Name="/Props/">
    <File Path="Directory.Packages.props" />
  </Folder>
  <Folder Name="/src/">
    <Project Path="src/Common/Common.csproj" />
    <Project Path="src\aoc\aoc.csproj" />
  </Folder>
  <Folder Name="/tests/">
    <Project Path="tests/Common.Tests/Common.Tests.csproj" />
    <Project Path="tests\AoC.Tests\AoC.Tests.csproj" />
  </Folder>
</Solution>